
Microsoft Visual Studio Solution File, Format Version 12.00
# Visual Studio 2013
VisualStudioVersion = 12.0.31101.0
MinimumVisualStudioVersion = 10.0.40219.1
Project("{FAE04EC0-301F-11D3-BF4B-00C04F79EFBC}") = "Xunit20Tests_AnyCPU", "Xunit20Tests_AnyCPU\Xunit20Tests_AnyCPU.csproj", "{D786F32B-3A1C-4A0C-9B65-C3EE09812C45}"
EndProject
Project("{FAE04EC0-301F-11D3-BF4B-00C04F79EFBC}") = "Xunit20Tests_x86", "Xunit20Tests_x86\Xunit20Tests_x86.csproj", "{32FB0C36-15F8-42AD-A8FD-D74190644D4B}"
EndProject
Global
	GlobalSection(SolutionConfigurationPlatforms) = preSolution
		Debug|Any CPU = Debug|Any CPU
		Release|Any CPU = Release|Any CPU
	EndGlobalSection
	GlobalSection(ProjectConfigurationPlatforms) = postSolution
		{D786F32B-3A1C-4A0C-9B65-C3EE09812C45}.Debug|Any CPU.ActiveCfg = Debug|Any CPU
		{D786F32B-3A1C-4A0C-9B65-C3EE09812C45}.Debug|Any CPU.Build.0 = Debug|Any CPU
		{D786F32B-3A1C-4A0C-9B65-C3EE09812C45}.Release|Any CPU.ActiveCfg = Release|Any CPU
		{D786F32B-3A1C-4A0C-9B65-C3EE09812C45}.Release|Any CPU.Build.0 = Release|Any CPU
		{32FB0C36-15F8-42AD-A8FD-D74190644D4B}.Debug|Any CPU.ActiveCfg = Debug|Any CPU
		{32FB0C36-15F8-42AD-A8FD-D74190644D4B}.Debug|Any CPU.Build.0 = Debug|Any CPU
		{32FB0C36-15F8-42AD-A8FD-D74190644D4B}.Release|Any CPU.ActiveCfg = Release|Any CPU
		{32FB0C36-15F8-42AD-A8FD-D74190644D4B}.Release|Any CPU.Build.0 = Release|Any CPU
	EndGlobalSection
	GlobalSection(SolutionProperties) = preSolution
		HideSolutionNode = FALSE
	EndGlobalSection
EndGlobal
